
Microsoft Visual Studio Solution File, Format Version 12.00
# Visual Studio Version 17
VisualStudioVersion = 17.10.35013.160
MinimumVisualStudioVersion = 10.0.40219.1
Project("{FAE04EC0-301F-11D3-BF4B-00C04F79EFBC}") = "Autorizacion.Abstracciones", "Autorizacion.Abstracciones\Autorizacion.Abstracciones.csproj", "{7FAC005B-CC23-4F35-A638-B5D7617E22A8}"
EndProject
Project("{FAE04EC0-301F-11D3-BF4B-00C04F79EFBC}") = "Autorizacion.DA", "Autorizacion.DA\Autorizacion.DA.csproj", "{CCBC1772-D565-4185-9B81-61BC4F3F4EEA}"
EndProject
Project("{FAE04EC0-301F-11D3-BF4B-00C04F79EFBC}") = "Helpers", "Helpers\Helpers.csproj", "{230998B0-629D-4EEA-A5A3-9E76115A10BB}"
EndProject
Project("{FAE04EC0-301F-11D3-BF4B-00C04F79EFBC}") = "Autorizacion.BW", "Autorizacion.BW\Autorizacion.BW.csproj", "{2964AE6C-6DC2-4819-A99F-6CBB5D2109C5}"
EndProject
Project("{FAE04EC0-301F-11D3-BF4B-00C04F79EFBC}") = "Autorizacion.Middleware", "Autorizacion.Middleware\Autorizacion.Middleware.csproj", "{2C0C5E04-6B1C-4CA6-BADE-3418381AE404}"
EndProject
Global
	GlobalSection(SolutionConfigurationPlatforms) = preSolution
		Debug|Any CPU = Debug|Any CPU
		Release|Any CPU = Release|Any CPU
	EndGlobalSection
	GlobalSection(ProjectConfigurationPlatforms) = postSolution
		{7FAC005B-CC23-4F35-A638-B5D7617E22A8}.Debug|Any CPU.ActiveCfg = Debug|Any CPU
		{7FAC005B-CC23-4F35-A638-B5D7617E22A8}.Debug|Any CPU.Build.0 = Debug|Any CPU
		{7FAC005B-CC23-4F35-A638-B5D7617E22A8}.Release|Any CPU.ActiveCfg = Release|Any CPU
		{7FAC005B-CC23-4F35-A638-B5D7617E22A8}.Release|Any CPU.Build.0 = Release|Any CPU
		{CCBC1772-D565-4185-9B81-61BC4F3F4EEA}.Debug|Any CPU.ActiveCfg = Debug|Any CPU
		{CCBC1772-D565-4185-9B81-61BC4F3F4EEA}.Debug|Any CPU.Build.0 = Debug|Any CPU
		{CCBC1772-D565-4185-9B81-61BC4F3F4EEA}.Release|Any CPU.ActiveCfg = Release|Any CPU
		{CCBC1772-D565-4185-9B81-61BC4F3F4EEA}.Release|Any CPU.Build.0 = Release|Any CPU
		{230998B0-629D-4EEA-A5A3-9E76115A10BB}.Debug|Any CPU.ActiveCfg = Debug|Any CPU
		{230998B0-629D-4EEA-A5A3-9E76115A10BB}.Debug|Any CPU.Build.0 = Debug|Any CPU
		{230998B0-629D-4EEA-A5A3-9E76115A10BB}.Release|Any CPU.ActiveCfg = Release|Any CPU
		{230998B0-629D-4EEA-A5A3-9E76115A10BB}.Release|Any CPU.Build.0 = Release|Any CPU
		{2964AE6C-6DC2-4819-A99F-6CBB5D2109C5}.Debug|Any CPU.ActiveCfg = Debug|Any CPU
		{2964AE6C-6DC2-4819-A99F-6CBB5D2109C5}.Debug|Any CPU.Build.0 = Debug|Any CPU
		{2964AE6C-6DC2-4819-A99F-6CBB5D2109C5}.Release|Any CPU.ActiveCfg = Release|Any CPU
		{2964AE6C-6DC2-4819-A99F-6CBB5D2109C5}.Release|Any CPU.Build.0 = Release|Any CPU
		{2C0C5E04-6B1C-4CA6-BADE-3418381AE404}.Debug|Any CPU.ActiveCfg = Debug|Any CPU
		{2C0C5E04-6B1C-4CA6-BADE-3418381AE404}.Debug|Any CPU.Build.0 = Debug|Any CPU
		{2C0C5E04-6B1C-4CA6-BADE-3418381AE404}.Release|Any CPU.ActiveCfg = Release|Any CPU
		{2C0C5E04-6B1C-4CA6-BADE-3418381AE404}.Release|Any CPU.Build.0 = Release|Any CPU
	EndGlobalSection
	GlobalSection(SolutionProperties) = preSolution
		HideSolutionNode = FALSE
	EndGlobalSection
	GlobalSection(ExtensibilityGlobals) = postSolution
		SolutionGuid = {79CE2555-7F02-4252-8935-E0D98859E5D2}
	EndGlobalSection
EndGlobal
